
Microsoft Visual Studio Solution File, Format Version 12.00
# Visual Studio 15
VisualStudioVersion = 15.0.28010.2036
MinimumVisualStudioVersion = 10.0.40219.1
Project("{FAE04EC0-301F-11D3-BF4B-00C04F79EFBC}") = "2019TC", "2019TC\2019TC.csproj", "{A8998D67-EEC3-4BCB-8A4C-D0502C9EB79C}"
EndProject
Project("{FAE04EC0-301F-11D3-BF4B-00C04F79EFBC}") = "BinaryCodeToImage", "BinaryCodeToImage\BinaryCodeToImage.csproj", "{74B8E81C-E903-4A4D-B5EC-DD1BCEE5B4E0}"
EndProject
Project("{FAE04EC0-301F-11D3-BF4B-00C04F79EFBC}") = "Codes", "Codes\Codes.csproj", "{3ABC3169-A84E-490B-BC7E-5B79EEF7B939}"
EndProject
Global
	GlobalSection(SolutionConfigurationPlatforms) = preSolution
		Debug|Any CPU = Debug|Any CPU
		Release|Any CPU = Release|Any CPU
	EndGlobalSection
	GlobalSection(ProjectConfigurationPlatforms) = postSolution
		{A8998D67-EEC3-4BCB-8A4C-D0502C9EB79C}.Debug|Any CPU.ActiveCfg = Debug|Any CPU
		{A8998D67-EEC3-4BCB-8A4C-D0502C9EB79C}.Debug|Any CPU.Build.0 = Debug|Any CPU
		{A8998D67-EEC3-4BCB-8A4C-D0502C9EB79C}.Release|Any CPU.ActiveCfg = Release|Any CPU
		{A8998D67-EEC3-4BCB-8A4C-D0502C9EB79C}.Release|Any CPU.Build.0 = Release|Any CPU
		{74B8E81C-E903-4A4D-B5EC-DD1BCEE5B4E0}.Debug|Any CPU.ActiveCfg = Debug|Any CPU
		{74B8E81C-E903-4A4D-B5EC-DD1BCEE5B4E0}.Debug|Any CPU.Build.0 = Debug|Any CPU
		{74B8E81C-E903-4A4D-B5EC-DD1BCEE5B4E0}.Release|Any CPU.ActiveCfg = Release|Any CPU
		{74B8E81C-E903-4A4D-B5EC-DD1BCEE5B4E0}.Release|Any CPU.Build.0 = Release|Any CPU
		{3ABC3169-A84E-490B-BC7E-5B79EEF7B939}.Debug|Any CPU.ActiveCfg = Debug|Any CPU
		{3ABC3169-A84E-490B-BC7E-5B79EEF7B939}.Debug|Any CPU.Build.0 = Debug|Any CPU
		{3ABC3169-A84E-490B-BC7E-5B79EEF7B939}.Release|Any CPU.ActiveCfg = Release|Any CPU
		{3ABC3169-A84E-490B-BC7E-5B79EEF7B939}.Release|Any CPU.Build.0 = Release|Any CPU
	EndGlobalSection
	GlobalSection(SolutionProperties) = preSolution
		HideSolutionNode = FALSE
	EndGlobalSection
	GlobalSection(ExtensibilityGlobals) = postSolution
		SolutionGuid = {C11C46EC-B2F6-4A19-8AF8-B903F9601C5E}
	EndGlobalSection
EndGlobal
